
Microsoft Visual Studio Solution File, Format Version 12.00
# Visual Studio Version 16
VisualStudioVersion = 25.0.1706.7
MinimumVisualStudioVersion = 10.0.40219.1
Project("{FAE04EC0-301F-11D3-BF4B-00C04F79EFBC}") = "Hospital", "Hospital\Hospital.csproj", "{1350E7A2-8D56-491B-A164-7924D90A28A8}"
EndProject
Global
	GlobalSection(SolutionConfigurationPlatforms) = preSolution
		Debug|Any CPU = Debug|Any CPU
		Release|Any CPU = Release|Any CPU
	EndGlobalSection
	GlobalSection(ProjectConfigurationPlatforms) = postSolution
		{1350E7A2-8D56-491B-A164-7924D90A28A8}.Debug|Any CPU.ActiveCfg = Debug|Any CPU
		{1350E7A2-8D56-491B-A164-7924D90A28A8}.Debug|Any CPU.Build.0 = Debug|Any CPU
		{1350E7A2-8D56-491B-A164-7924D90A28A8}.Release|Any CPU.ActiveCfg = Release|Any CPU
		{1350E7A2-8D56-491B-A164-7924D90A28A8}.Release|Any CPU.Build.0 = Release|Any CPU
	EndGlobalSection
	GlobalSection(SolutionProperties) = preSolution
		HideSolutionNode = FALSE
	EndGlobalSection
	GlobalSection(ExtensibilityGlobals) = postSolution
		SolutionGuid = {E9172D2E-05CF-460B-9BB6-FDBEC2414C97}
	EndGlobalSection
EndGlobal
